Microsoft Visual Studio Solution File, Format Version 12.00
# Visual Studio Version 17
VisualStudioVersion = 17.5.2.0
MinimumVisualStudioVersion = 10.0.40219.1
Project("{FAE04EC0-301F-11D3-BF4B-00C04F79EFBC}") = "M01.RoutingParameter", "M01.RoutingParameter.csproj", "{5D21D7F4-5BB4-A9E1-E73B-6D1BE11292A4}"
EndProject
Global
	GlobalSection(SolutionConfigurationPlatforms) = preSolution
		Debug|Any CPU = Debug|Any CPU
		Release|Any CPU = Release|Any CPU
	EndGlobalSection
	GlobalSection(ProjectConfigurationPlatforms) = postSolution
		{5D21D7F4-5BB4-A9E1-E73B-6D1BE11292A4}.Debug|Any CPU.ActiveCfg = Debug|Any CPU
		{5D21D7F4-5BB4-A9E1-E73B-6D1BE11292A4}.Debug|Any CPU.Build.0 = Debug|Any CPU
		{5D21D7F4-5BB4-A9E1-E73B-6D1BE11292A4}.Release|Any CPU.ActiveCfg = Release|Any CPU
		{5D21D7F4-5BB4-A9E1-E73B-6D1BE11292A4}.Release|Any CPU.Build.0 = Release|Any CPU
	EndGlobalSection
	GlobalSection(SolutionProperties) = preSolution
		HideSolutionNode = FALSE
	EndGlobalSection
	GlobalSection(ExtensibilityGlobals) = postSolution
		SolutionGuid = {82F5B303-61E7-4051-B469-F69D623F1046}
	EndGlobalSection
EndGlobal
