Microsoft Visual Studio Solution File, Format Version 12.00
# Visual Studio Version 17
VisualStudioVersion = 17.5.2.0
MinimumVisualStudioVersion = 10.0.40219.1
Project("{FAE04EC0-301F-11D3-BF4B-00C04F79EFBC}") = "M04.ControllerRFC9457", "M04.ControllerRFC9457.csproj", "{402CB2E3-83C2-252F-A453-B33E5DD70FA3}"
EndProject
Global
	GlobalSection(SolutionConfigurationPlatforms) = preSolution
		Debug|Any CPU = Debug|Any CPU
		Release|Any CPU = Release|Any CPU
	EndGlobalSection
	GlobalSection(ProjectConfigurationPlatforms) = postSolution
		{402CB2E3-83C2-252F-A453-B33E5DD70FA3}.Debug|Any CPU.ActiveCfg = Debug|Any CPU
		{402CB2E3-83C2-252F-A453-B33E5DD70FA3}.Debug|Any CPU.Build.0 = Debug|Any CPU
		{402CB2E3-83C2-252F-A453-B33E5DD70FA3}.Release|Any CPU.ActiveCfg = Release|Any CPU
		{402CB2E3-83C2-252F-A453-B33E5DD70FA3}.Release|Any CPU.Build.0 = Release|Any CPU
	EndGlobalSection
	GlobalSection(SolutionProperties) = preSolution
		HideSolutionNode = FALSE
	EndGlobalSection
	GlobalSection(ExtensibilityGlobals) = postSolution
		SolutionGuid = {48FA854B-19D3-47EE-A225-F45FA9AA0FC3}
	EndGlobalSection
EndGlobal
