Microsoft Visual Studio Solution File, Format Version 12.00
# Visual Studio Version 17
VisualStudioVersion = 17.5.2.0
MinimumVisualStudioVersion = 10.0.40219.1
Project("{FAE04EC0-301F-11D3-BF4B-00C04F79EFBC}") = "M03.RFC9457Controller", "M03.RFC9457Controller.csproj", "{0C344A97-D02C-081C-D056-A42D308ACEF3}"
EndProject
Global
	GlobalSection(SolutionConfigurationPlatforms) = preSolution
		Debug|Any CPU = Debug|Any CPU
		Release|Any CPU = Release|Any CPU
	EndGlobalSection
	GlobalSection(ProjectConfigurationPlatforms) = postSolution
		{0C344A97-D02C-081C-D056-A42D308ACEF3}.Debug|Any CPU.ActiveCfg = Debug|Any CPU
		{0C344A97-D02C-081C-D056-A42D308ACEF3}.Debug|Any CPU.Build.0 = Debug|Any CPU
		{0C344A97-D02C-081C-D056-A42D308ACEF3}.Release|Any CPU.ActiveCfg = Release|Any CPU
		{0C344A97-D02C-081C-D056-A42D308ACEF3}.Release|Any CPU.Build.0 = Release|Any CPU
	EndGlobalSection
	GlobalSection(SolutionProperties) = preSolution
		HideSolutionNode = FALSE
	EndGlobalSection
	GlobalSection(ExtensibilityGlobals) = postSolution
		SolutionGuid = {1A4A892C-3192-4743-B9A3-F0CF22238FD1}
	EndGlobalSection
EndGlobal
